
Microsoft Visual Studio Solution File, Format Version 12.00
# Visual Studio Version 17
VisualStudioVersion = 17.9.34616.47
MinimumVisualStudioVersion = 10.0.40219.1
Project("{9A19103F-16F7-4668-BE54-9A1E7A4F7556}") = "ExdSheets", "ExdSheets\ExdSheets.csproj", "{6E4764D0-5735-40A5-B488-712D0CDF71A4}"
EndProject
Project("{9A19103F-16F7-4668-BE54-9A1E7A4F7556}") = "ExdGenerator", "ExdGenerator\ExdGenerator.csproj", "{30767E40-964C-4632-9582-FAC0119AED19}"
EndProject
Project("{9A19103F-16F7-4668-BE54-9A1E7A4F7556}") = "Lumina", "Lumina\src\Lumina\Lumina.csproj", "{C687736A-4E50-4DEE-8FC6-13E4FD05D56D}"
EndProject
Project("{FAE04EC0-301F-11D3-BF4B-00C04F79EFBC}") = "ExdAccessor", "ExdAccessor\ExdAccessor.csproj", "{4F9392E1-D306-4278-AF51-51F00AA2942D}"
EndProject
Global
	GlobalSection(SolutionConfigurationPlatforms) = preSolution
		Debug|Any CPU = Debug|Any CPU
		Release|Any CPU = Release|Any CPU
	EndGlobalSection
	GlobalSection(ProjectConfigurationPlatforms) = postSolution
		{6E4764D0-5735-40A5-B488-712D0CDF71A4}.Debug|Any CPU.ActiveCfg = Debug|Any CPU
		{6E4764D0-5735-40A5-B488-712D0CDF71A4}.Debug|Any CPU.Build.0 = Debug|Any CPU
		{6E4764D0-5735-40A5-B488-712D0CDF71A4}.Release|Any CPU.ActiveCfg = Release|Any CPU
		{6E4764D0-5735-40A5-B488-712D0CDF71A4}.Release|Any CPU.Build.0 = Release|Any CPU
		{30767E40-964C-4632-9582-FAC0119AED19}.Debug|Any CPU.ActiveCfg = Debug|Any CPU
		{30767E40-964C-4632-9582-FAC0119AED19}.Debug|Any CPU.Build.0 = Debug|Any CPU
		{30767E40-964C-4632-9582-FAC0119AED19}.Release|Any CPU.ActiveCfg = Release|Any CPU
		{30767E40-964C-4632-9582-FAC0119AED19}.Release|Any CPU.Build.0 = Release|Any CPU
		{C687736A-4E50-4DEE-8FC6-13E4FD05D56D}.Debug|Any CPU.ActiveCfg = Debug|Any CPU
		{C687736A-4E50-4DEE-8FC6-13E4FD05D56D}.Debug|Any CPU.Build.0 = Debug|Any CPU
		{C687736A-4E50-4DEE-8FC6-13E4FD05D56D}.Release|Any CPU.ActiveCfg = Release|Any CPU
		{C687736A-4E50-4DEE-8FC6-13E4FD05D56D}.Release|Any CPU.Build.0 = Release|Any CPU
		{4F9392E1-D306-4278-AF51-51F00AA2942D}.Debug|Any CPU.ActiveCfg = Debug|Any CPU
		{4F9392E1-D306-4278-AF51-51F00AA2942D}.Debug|Any CPU.Build.0 = Debug|Any CPU
		{4F9392E1-D306-4278-AF51-51F00AA2942D}.Release|Any CPU.ActiveCfg = Release|Any CPU
		{4F9392E1-D306-4278-AF51-51F00AA2942D}.Release|Any CPU.Build.0 = Release|Any CPU
	EndGlobalSection
	GlobalSection(SolutionProperties) = preSolution
		HideSolutionNode = FALSE
	EndGlobalSection
	GlobalSection(ExtensibilityGlobals) = postSolution
		SolutionGuid = {FDDA3230-DAC8-421D-97F9-56075213E7D7}
	EndGlobalSection
EndGlobal
