
Microsoft Visual Studio Solution File, Format Version 12.00
# Visual Studio Version 17
VisualStudioVersion = 17.9.34616.47
MinimumVisualStudioVersion = 10.0.40219.1
Project("{FAE04EC0-301F-11D3-BF4B-00C04F79EFBC}") = "GeneratedSheets3", "GeneratedSheets3\GeneratedSheets3.csproj", "{6E4764D0-5735-40A5-B488-712D0CDF71A4}"
EndProject
Project("{FAE04EC0-301F-11D3-BF4B-00C04F79EFBC}") = "ExdGenerator", "ExdGenerator\ExdGenerator.csproj", "{30767E40-964C-4632-9582-FAC0119AED19}"
EndProject
Global
	GlobalSection(SolutionConfigurationPlatforms) = preSolution
		Debug|Any CPU = Debug|Any CPU
		Release|Any CPU = Release|Any CPU
	EndGlobalSection
	GlobalSection(ProjectConfigurationPlatforms) = postSolution
		{6E4764D0-5735-40A5-B488-712D0CDF71A4}.Debug|Any CPU.ActiveCfg = Debug|Any CPU
		{6E4764D0-5735-40A5-B488-712D0CDF71A4}.Debug|Any CPU.Build.0 = Debug|Any CPU
		{6E4764D0-5735-40A5-B488-712D0CDF71A4}.Release|Any CPU.ActiveCfg = Release|Any CPU
		{6E4764D0-5735-40A5-B488-712D0CDF71A4}.Release|Any CPU.Build.0 = Release|Any CPU
		{30767E40-964C-4632-9582-FAC0119AED19}.Debug|Any CPU.ActiveCfg = Debug|Any CPU
		{30767E40-964C-4632-9582-FAC0119AED19}.Debug|Any CPU.Build.0 = Debug|Any CPU
		{30767E40-964C-4632-9582-FAC0119AED19}.Release|Any CPU.ActiveCfg = Release|Any CPU
		{30767E40-964C-4632-9582-FAC0119AED19}.Release|Any CPU.Build.0 = Release|Any CPU
	EndGlobalSection
	GlobalSection(SolutionProperties) = preSolution
		HideSolutionNode = FALSE
	EndGlobalSection
	GlobalSection(ExtensibilityGlobals) = postSolution
		SolutionGuid = {FDDA3230-DAC8-421D-97F9-56075213E7D7}
	EndGlobalSection
EndGlobal
